// !$*UTF8*$!
{
	archiveVersion = 1;
	classes = {
	};
	objectVersion = 56;
	objects = {

/* Begin PBXBuildFile section */
		FF4094722BFBA0A4001F49DE /* AddEmailView.swift in Sources */ = {isa = PBXBuildFile; fileRef = FF4094712BFBA0A4001F49DE /* AddEmailView.swift */; };
		FF4094752BFBA1CC001F49DE /* AddYourEmailTitleModifier.swift in Sources */ = {isa = PBXBuildFile; fileRef = FF4094742BFBA1CC001F49DE /* AddYourEmailTitleModifier.swift */; };
		FF4094772BFBA283001F49DE /* AddEmailTextModifier .swift in Sources */ = {isa = PBXBuildFile; fileRef = FF4094762BFBA283001F49DE /* AddEmailTextModifier .swift */; };
		FF4094792BFBAC94001F49DE /* CreateUserNameView.swift in Sources */ = {isa = PBXBuildFile; fileRef = FF4094782BFBAC94001F49DE /* CreateUserNameView.swift */; };
		FF40947B2BFBC5E2001F49DE /* CreatePasswordVIew.swift in Sources */ = {isa = PBXBuildFile; fileRef = FF40947A2BFBC5E2001F49DE /* CreatePasswordVIew.swift */; };
		FF40947D2BFBC8EF001F49DE /* CompleteSignUpVIew.swift in Sources */ = {isa = PBXBuildFile; fileRef = FF40947C2BFBC8EF001F49DE /* CompleteSignUpVIew.swift */; };
		FF40947F2BFC64E0001F49DE /* User.swift in Sources */ = {isa = PBXBuildFile; fileRef = FF40947E2BFC64E0001F49DE /* User.swift */; };
		FF4094812BFC756C001F49DE /* CurrentUserProfileView.swift in Sources */ = {isa = PBXBuildFile; fileRef = FF4094802BFC756C001F49DE /* CurrentUserProfileView.swift */; };
		FF4094832BFC791E001F49DE /* Post.swift in Sources */ = {isa = PBXBuildFile; fileRef = FF4094822BFC791E001F49DE /* Post.swift */; };
		FF4094852BFCF5CE001F49DE /* PostGridModifier.swift in Sources */ = {isa = PBXBuildFile; fileRef = FF4094842BFCF5CE001F49DE /* PostGridModifier.swift */; };
		FF4094882BFD016D001F49DE /* PostGridView.swift in Sources */ = {isa = PBXBuildFile; fileRef = FF4094872BFD016D001F49DE /* PostGridView.swift */; };
		FF40948A2BFD05BF001F49DE /* ProfileHeaderView.swift in Sources */ = {isa = PBXBuildFile; fileRef = FF4094892BFD05BF001F49DE /* ProfileHeaderView.swift */; };
		FF40948C2BFD0977001F49DE /* UploadPostView.swift in Sources */ = {isa = PBXBuildFile; fileRef = FF40948B2BFD0977001F49DE /* UploadPostView.swift */; };
		FF40948F2BFD16D6001F49DE /* UploadPostViewModel.swift in Sources */ = {isa = PBXBuildFile; fileRef = FF40948E2BFD16D6001F49DE /* UploadPostViewModel.swift */; };
		FF4094912BFD1FFD001F49DE /* GoogleService-Info.plist in Resources */ = {isa = PBXBuildFile; fileRef = FF4094902BFD1FFD001F49DE /* GoogleService-Info.plist */; };
		FF4094942BFD26F0001F49DE /* FirebaseAnalytics in Frameworks */ = {isa = PBXBuildFile; productRef = FF4094932BFD26F0001F49DE /* FirebaseAnalytics */; };
		FF4094962BFD26F0001F49DE /* FirebaseAnalyticsOnDeviceConversion in Frameworks */ = {isa = PBXBuildFile; productRef = FF4094952BFD26F0001F49DE /* FirebaseAnalyticsOnDeviceConversion */; };
		FF4094982BFD26F0001F49DE /* FirebaseAnalyticsSwift in Frameworks */ = {isa = PBXBuildFile; productRef = FF4094972BFD26F0001F49DE /* FirebaseAnalyticsSwift */; };
		FF40949A2BFD26F0001F49DE /* FirebaseAnalyticsWithoutAdIdSupport in Frameworks */ = {isa = PBXBuildFile; productRef = FF4094992BFD26F0001F49DE /* FirebaseAnalyticsWithoutAdIdSupport */; };
		FF40949C2BFD26F0001F49DE /* FirebaseAppCheck in Frameworks */ = {isa = PBXBuildFile; productRef = FF40949B2BFD26F0001F49DE /* FirebaseAppCheck */; };
		FF40949E2BFD26F0001F49DE /* FirebaseAppDistribution-Beta in Frameworks */ = {isa = PBXBuildFile; productRef = FF40949D2BFD26F0001F49DE /* FirebaseAppDistribution-Beta */; };
		FF4094A02BFD26F0001F49DE /* FirebaseAuth in Frameworks */ = {isa = PBXBuildFile; productRef = FF40949F2BFD26F0001F49DE /* FirebaseAuth */; };
		FF4094A22BFD26F0001F49DE /* FirebaseAuthCombine-Community in Frameworks */ = {isa = PBXBuildFile; productRef = FF4094A12BFD26F0001F49DE /* FirebaseAuthCombine-Community */; };
		FF4094A42BFD26F0001F49DE /* FirebaseCrashlytics in Frameworks */ = {isa = PBXBuildFile; productRef = FF4094A32BFD26F0001F49DE /* FirebaseCrashlytics */; };
		FF4094A62BFD26F0001F49DE /* FirebaseDatabase in Frameworks */ = {isa = PBXBuildFile; productRef = FF4094A52BFD26F0001F49DE /* FirebaseDatabase */; };
		FF4094A82BFD26F0001F49DE /* FirebaseDatabaseSwift in Frameworks */ = {isa = PBXBuildFile; productRef = FF4094A72BFD26F0001F49DE /* FirebaseDatabaseSwift */; };
		FF4094AA2BFD26F0001F49DE /* FirebaseDynamicLinks in Frameworks */ = {isa = PBXBuildFile; productRef = FF4094A92BFD26F0001F49DE /* FirebaseDynamicLinks */; };
		FF4094AC2BFD26F0001F49DE /* FirebaseFirestore in Frameworks */ = {isa = PBXBuildFile; productRef = FF4094AB2BFD26F0001F49DE /* FirebaseFirestore */; };
		FF4094AE2BFD26F0001F49DE /* FirebaseFirestoreCombine-Community in Frameworks */ = {isa = PBXBuildFile; productRef = FF4094AD2BFD26F0001F49DE /* FirebaseFirestoreCombine-Community */; };
		FF4094B02BFD26F0001F49DE /* FirebaseFirestoreSwift in Frameworks */ = {isa = PBXBuildFile; productRef = FF4094AF2BFD26F0001F49DE /* FirebaseFirestoreSwift */; };
		FF4094B22BFD26F0001F49DE /* FirebaseFunctions in Frameworks */ = {isa = PBXBuildFile; productRef = FF4094B12BFD26F0001F49DE /* FirebaseFunctions */; };
		FF4094B42BFD26F0001F49DE /* FirebaseFunctionsCombine-Community in Frameworks */ = {isa = PBXBuildFile; productRef = FF4094B32BFD26F0001F49DE /* FirebaseFunctionsCombine-Community */; };
		FF4094B62BFD26F0001F49DE /* FirebaseInAppMessaging-Beta in Frameworks */ = {isa = PBXBuildFile; productRef = FF4094B52BFD26F0001F49DE /* FirebaseInAppMessaging-Beta */; };
		FF4094B82BFD26F0001F49DE /* FirebaseInAppMessagingSwift-Beta in Frameworks */ = {isa = PBXBuildFile; productRef = FF4094B72BFD26F0001F49DE /* FirebaseInAppMessagingSwift-Beta */; };
		FF4094BA2BFD26F0001F49DE /* FirebaseInstallations in Frameworks */ = {isa = PBXBuildFile; productRef = FF4094B92BFD26F0001F49DE /* FirebaseInstallations */; };
		FF4094BC2BFD26F0001F49DE /* FirebaseMLModelDownloader in Frameworks */ = {isa = PBXBuildFile; productRef = FF4094BB2BFD26F0001F49DE /* FirebaseMLModelDownloader */; };
		FF4094BE2BFD26F0001F49DE /* FirebaseMessaging in Frameworks */ = {isa = PBXBuildFile; productRef = FF4094BD2BFD26F0001F49DE /* FirebaseMessaging */; };
		FF4094C02BFD26F0001F49DE /* FirebasePerformance in Frameworks */ = {isa = PBXBuildFile; productRef = FF4094BF2BFD26F0001F49DE /* FirebasePerformance */; };
		FF4094C22BFD26F0001F49DE /* FirebaseRemoteConfig in Frameworks */ = {isa = PBXBuildFile; productRef = FF4094C12BFD26F0001F49DE /* FirebaseRemoteConfig */; };
		FF4094C42BFD26F0001F49DE /* FirebaseRemoteConfigSwift in Frameworks */ = {isa = PBXBuildFile; productRef = FF4094C32BFD26F0001F49DE /* FirebaseRemoteConfigSwift */; };
		FF4094C62BFD26F0001F49DE /* FirebaseStorage in Frameworks */ = {isa = PBXBuildFile; productRef = FF4094C52BFD26F0001F49DE /* FirebaseStorage */; };
		FF4094C82BFD26F0001F49DE /* FirebaseStorageCombine-Community in Frameworks */ = {isa = PBXBuildFile; productRef = FF4094C72BFD26F0001F49DE /* FirebaseStorageCombine-Community */; };
		FF4094CA2BFD26F0001F49DE /* FirebaseVertexAI-Preview in Frameworks */ = {isa = PBXBuildFile; productRef = FF4094C92BFD26F0001F49DE /* FirebaseVertexAI-Preview */; };
		FF4094CE2BFD911F001F49DE /* AuthService.swift in Sources */ = {isa = PBXBuildFile; fileRef = FF4094CD2BFD911F001F49DE /* AuthService.swift */; };
		FF4094D22BFD938E001F49DE /* ContentViewModel.swift in Sources */ = {isa = PBXBuildFile; fileRef = FF4094D12BFD938E001F49DE /* ContentViewModel.swift */; };
		FF4094D52BFDA25D001F49DE /* RegistrationViewModel.swift in Sources */ = {isa = PBXBuildFile; fileRef = FF4094D42BFDA25D001F49DE /* RegistrationViewModel.swift */; };
		FF4094D82BFF09CA001F49DE /* LoginViewModel.swift in Sources */ = {isa = PBXBuildFile; fileRef = FF4094D72BFF09CA001F49DE /* LoginViewModel.swift */; };
		FF4094DA2BFF629C001F49DE /* UserService.swift in Sources */ = {isa = PBXBuildFile; fileRef = FF4094D92BFF629C001F49DE /* UserService.swift */; };
		FF4094DE2BFF6395001F49DE /* SearchViewModel.swift in Sources */ = {isa = PBXBuildFile; fileRef = FF4094DD2BFF6395001F49DE /* SearchViewModel.swift */; };
		FF4094E02BFFADC6001F49DE /* EditProfileView.swift in Sources */ = {isa = PBXBuildFile; fileRef = FF4094DF2BFFADC6001F49DE /* EditProfileView.swift */; };
		FF4094E22C0071C2001F49DE /* EditProfileRowView.swift in Sources */ = {isa = PBXBuildFile; fileRef = FF4094E12C0071C2001F49DE /* EditProfileRowView.swift */; };
		FF4094E62C007750001F49DE /* EditProfileViewModel.swift in Sources */ = {isa = PBXBuildFile; fileRef = FF4094E52C007750001F49DE /* EditProfileViewModel.swift */; };
		FF4094E82C00E864001F49DE /* ImageUploader.swift in Sources */ = {isa = PBXBuildFile; fileRef = FF4094E72C00E864001F49DE /* ImageUploader.swift */; };
		FF4094EB2C00F516001F49DE /* Kingfisher in Frameworks */ = {isa = PBXBuildFile; productRef = FF4094EA2C00F516001F49DE /* Kingfisher */; };
		FF4094ED2C00F80D001F49DE /* CircularProfileImageView.swift in Sources */ = {isa = PBXBuildFile; fileRef = FF4094EC2C00F80D001F49DE /* CircularProfileImageView.swift */; };
		FF4094EF2C010F60001F49DE /* ProfileImageSize.swift in Sources */ = {isa = PBXBuildFile; fileRef = FF4094EE2C010F60001F49DE /* ProfileImageSize.swift */; };
		FF746D182BFA507F005D4251 /* InstagramSwiftUIApp.swift in Sources */ = {isa = PBXBuildFile; fileRef = FF746D172BFA507F005D4251 /* InstagramSwiftUIApp.swift */; };
		FF746D1A2BFA507F005D4251 /* ContentView.swift in Sources */ = {isa = PBXBuildFile; fileRef = FF746D192BFA507F005D4251 /* ContentView.swift */; };
		FF746D1C2BFA5081005D4251 /* Assets.xcassets in Resources */ = {isa = PBXBuildFile; fileRef = FF746D1B2BFA5081005D4251 /* Assets.xcassets */; };
		FF746D1F2BFA5081005D4251 /* Preview Assets.xcassets in Resources */ = {isa = PBXBuildFile; fileRef = FF746D1E2BFA5081005D4251 /* Preview Assets.xcassets */; };
		FF746D352BFA5A6F005D4251 /* MainTabView.swift in Sources */ = {isa = PBXBuildFile; fileRef = FF746D342BFA5A6F005D4251 /* MainTabView.swift */; };
		FF746D372BFA5D4D005D4251 /* ProfileView.swift in Sources */ = {isa = PBXBuildFile; fileRef = FF746D362BFA5D4D005D4251 /* ProfileView.swift */; };
		FF746D3A2BFA69A9005D4251 /* PersonImageModifier.swift in Sources */ = {isa = PBXBuildFile; fileRef = FF746D392BFA69A9005D4251 /* PersonImageModifier.swift */; };
		FF746D3D2BFA6B28005D4251 /* EditProfileButtonModifier.swift in Sources */ = {isa = PBXBuildFile; fileRef = FF746D3C2BFA6B28005D4251 /* EditProfileButtonModifier.swift */; };
		FF746D3F2BFA6BC9005D4251 /* PostsFollowsModifier.swift in Sources */ = {isa = PBXBuildFile; fileRef = FF746D3E2BFA6BC9005D4251 /* PostsFollowsModifier.swift */; };
		FF746D422BFA6DC6005D4251 /* UserStatView.swift in Sources */ = {isa = PBXBuildFile; fileRef = FF746D412BFA6DC6005D4251 /* UserStatView.swift */; };
		FF746D442BFB3753005D4251 /* FeedView.swift in Sources */ = {isa = PBXBuildFile; fileRef = FF746D432BFB3753005D4251 /* FeedView.swift */; };
		FF746D462BFB3763005D4251 /* FeedCell.swift in Sources */ = {isa = PBXBuildFile; fileRef = FF746D452BFB3763005D4251 /* FeedCell.swift */; };
		FF746D492BFB3B11005D4251 /* FeedCellProfileImageModifier.swift in Sources */ = {isa = PBXBuildFile; fileRef = FF746D482BFB3B11005D4251 /* FeedCellProfileImageModifier.swift */; };
		FF746D4B2BFB3C62005D4251 /* FeedCellPostImageModifier.swift in Sources */ = {isa = PBXBuildFile; fileRef = FF746D4A2BFB3C62005D4251 /* FeedCellPostImageModifier.swift */; };
		FF746D4D2BFB4304005D4251 /* FeedCellBaseTitleModifier.swift in Sources */ = {isa = PBXBuildFile; fileRef = FF746D4C2BFB4304005D4251 /* FeedCellBaseTitleModifier.swift */; };
		FF746D4F2BFB452C005D4251 /* FeedCellCaptionTitleModifier.swift in Sources */ = {isa = PBXBuildFile; fileRef = FF746D4E2BFB452C005D4251 /* FeedCellCaptionTitleModifier.swift */; };
		FF746D512BFB45CC005D4251 /* FeedCellCaptionHoursTitleModifier.swift in Sources */ = {isa = PBXBuildFile; fileRef = FF746D502BFB45CC005D4251 /* FeedCellCaptionHoursTitleModifier.swift */; };
		FF746D532BFB7188005D4251 /* SearchView.swift in Sources */ = {isa = PBXBuildFile; fileRef = FF746D522BFB7188005D4251 /* SearchView.swift */; };
		FF746D562BFB734F005D4251 /* SearchProfileImageModifier.swift in Sources */ = {isa = PBXBuildFile; fileRef = FF746D552BFB734F005D4251 /* SearchProfileImageModifier.swift */; };
		FF746D582BFB8645005D4251 /* LoginView.swift in Sources */ = {isa = PBXBuildFile; fileRef = FF746D572BFB8645005D4251 /* LoginView.swift */; };
		FF746D5A2BFB88CD005D4251 /* LoginViewTextfieldModifier.swift in Sources */ = {isa = PBXBuildFile; fileRef = FF746D592BFB88CD005D4251 /* LoginViewTextfieldModifier.swift */; };
		FF746D5E2BFB8AE4005D4251 /* LoginViewBaseButtonTitleModifier.swift in Sources */ = {isa = PBXBuildFile; fileRef = FF746D5D2BFB8AE4005D4251 /* LoginViewBaseButtonTitleModifier.swift */; };
		FF746D602BFB8C3B005D4251 /* LoginButtonTitleModifier.swift in Sources */ = {isa = PBXBuildFile; fileRef = FF746D5F2BFB8C3B005D4251 /* LoginButtonTitleModifier.swift */; };
		FF746D622BFB8FE5005D4251 /* LoginViewDividerModifier.swift in Sources */ = {isa = PBXBuildFile; fileRef = FF746D612BFB8FE5005D4251 /* LoginViewDividerModifier.swift */; };
		FF746D642BFB9141005D4251 /* LoginViewTextOrModifier.swift in Sources */ = {isa = PBXBuildFile; fileRef = FF746D632BFB9141005D4251 /* LoginViewTextOrModifier.swift */; };
		FFCE5E9B2C02120E002B5520 /* FeedViewModel.swift in Sources */ = {isa = PBXBuildFile; fileRef = FFCE5E9A2C02120E002B5520 /* FeedViewModel.swift */; };
/* End PBXBuildFile section */

/* Begin PBXFileReference section */
		FF4094712BFBA0A4001F49DE /* AddEmailView.swift */ = {isa = PBXFileReference; lastKnownFileType = sourcecode.swift; path = AddEmailView.swift; sourceTree = "<group>"; };
		FF4094742BFBA1CC001F49DE /* AddYourEmailTitleModifier.swift */ = {isa = PBXFileReference; lastKnownFileType = sourcecode.swift; path = AddYourEmailTitleModifier.swift; sourceTree = "<group>"; };
		FF4094762BFBA283001F49DE /* AddEmailTextModifier .swift */ = {isa = PBXFileReference; lastKnownFileType = sourcecode.swift; path = "AddEmailTextModifier .swift"; sourceTree = "<group>"; };
		FF4094782BFBAC94001F49DE /* CreateUserNameView.swift */ = {isa = PBXFileReference; lastKnownFileType = sourcecode.swift; path = CreateUserNameView.swift; sourceTree = "<group>"; };
		FF40947A2BFBC5E2001F49DE /* CreatePasswordVIew.swift */ = {isa = PBXFileReference; lastKnownFileType = sourcecode.swift; path = CreatePasswordVIew.swift; sourceTree = "<group>"; };
		FF40947C2BFBC8EF001F49DE /* CompleteSignUpVIew.swift */ = {isa = PBXFileReference; lastKnownFileType = sourcecode.swift; path = CompleteSignUpVIew.swift; sourceTree = "<group>"; };
		FF40947E2BFC64E0001F49DE /* User.swift */ = {isa = PBXFileReference; lastKnownFileType = sourcecode.swift; path = User.swift; sourceTree = "<group>"; };
		FF4094802BFC756C001F49DE /* CurrentUserProfileView.swift */ = {isa = PBXFileReference; lastKnownFileType = sourcecode.swift; path = CurrentUserProfileView.swift; sourceTree = "<group>"; };
		FF4094822BFC791E001F49DE /* Post.swift */ = {isa = PBXFileReference; lastKnownFileType = sourcecode.swift; path = Post.swift; sourceTree = "<group>"; };
		FF4094842BFCF5CE001F49DE /* PostGridModifier.swift */ = {isa = PBXFileReference; lastKnownFileType = sourcecode.swift; path = PostGridModifier.swift; sourceTree = "<group>"; };
		FF4094872BFD016D001F49DE /* PostGridView.swift */ = {isa = PBXFileReference; lastKnownFileType = sourcecode.swift; path = PostGridView.swift; sourceTree = "<group>"; };
		FF4094892BFD05BF001F49DE /* ProfileHeaderView.swift */ = {isa = PBXFileReference; lastKnownFileType = sourcecode.swift; path = ProfileHeaderView.swift; sourceTree = "<group>"; };
		FF40948B2BFD0977001F49DE /* UploadPostView.swift */ = {isa = PBXFileReference; lastKnownFileType = sourcecode.swift; path = UploadPostView.swift; sourceTree = "<group>"; };
		FF40948E2BFD16D6001F49DE /* UploadPostViewModel.swift */ = {isa = PBXFileReference; lastKnownFileType = sourcecode.swift; path = UploadPostViewModel.swift; sourceTree = "<group>"; };
		FF4094902BFD1FFD001F49DE /* GoogleService-Info.plist */ = {isa = PBXFileReference; fileEncoding = 4; lastKnownFileType = text.plist.xml; path = "GoogleService-Info.plist"; sourceTree = "<group>"; };
		FF4094CD2BFD911F001F49DE /* AuthService.swift */ = {isa = PBXFileReference; lastKnownFileType = sourcecode.swift; path = AuthService.swift; sourceTree = "<group>"; };
		FF4094D12BFD938E001F49DE /* ContentViewModel.swift */ = {isa = PBXFileReference; lastKnownFileType = sourcecode.swift; path = ContentViewModel.swift; sourceTree = "<group>"; };
		FF4094D42BFDA25D001F49DE /* RegistrationViewModel.swift */ = {isa = PBXFileReference; lastKnownFileType = sourcecode.swift; path = RegistrationViewModel.swift; sourceTree = "<group>"; };
		FF4094D72BFF09CA001F49DE /* LoginViewModel.swift */ = {isa = PBXFileReference; lastKnownFileType = sourcecode.swift; path = LoginViewModel.swift; sourceTree = "<group>"; };
		FF4094D92BFF629C001F49DE /* UserService.swift */ = {isa = PBXFileReference; lastKnownFileType = sourcecode.swift; path = UserService.swift; sourceTree = "<group>"; };
		FF4094DD2BFF6395001F49DE /* SearchViewModel.swift */ = {isa = PBXFileReference; lastKnownFileType = sourcecode.swift; path = SearchViewModel.swift; sourceTree = "<group>"; };
		FF4094DF2BFFADC6001F49DE /* EditProfileView.swift */ = {isa = PBXFileReference; lastKnownFileType = sourcecode.swift; path = EditProfileView.swift; sourceTree = "<group>"; };
		FF4094E12C0071C2001F49DE /* EditProfileRowView.swift */ = {isa = PBXFileReference; lastKnownFileType = sourcecode.swift; path = EditProfileRowView.swift; sourceTree = "<group>"; };
		FF4094E52C007750001F49DE /* EditProfileViewModel.swift */ = {isa = PBXFileReference; lastKnownFileType = sourcecode.swift; path = EditProfileViewModel.swift; sourceTree = "<group>"; };
		FF4094E72C00E864001F49DE /* ImageUploader.swift */ = {isa = PBXFileReference; lastKnownFileType = sourcecode.swift; path = ImageUploader.swift; sourceTree = "<group>"; };
		FF4094EC2C00F80D001F49DE /* CircularProfileImageView.swift */ = {isa = PBXFileReference; lastKnownFileType = sourcecode.swift; path = CircularProfileImageView.swift; sourceTree = "<group>"; };
		FF4094EE2C010F60001F49DE /* ProfileImageSize.swift */ = {isa = PBXFileReference; lastKnownFileType = sourcecode.swift; path = ProfileImageSize.swift; sourceTree = "<group>"; };
		FF746D142BFA507F005D4251 /* InstagramSwiftUI.app */ = {isa = PBXFileReference; explicitFileType = wrapper.application; includeInIndex = 0; path = InstagramSwiftUI.app; sourceTree = BUILT_PRODUCTS_DIR; };
		FF746D172BFA507F005D4251 /* InstagramSwiftUIApp.swift */ = {isa = PBXFileReference; lastKnownFileType = sourcecode.swift; path = InstagramSwiftUIApp.swift; sourceTree = "<group>"; };
		FF746D192BFA507F005D4251 /* ContentView.swift */ = {isa = PBXFileReference; lastKnownFileType = sourcecode.swift; path = ContentView.swift; sourceTree = "<group>"; };
		FF746D1B2BFA5081005D4251 /* Assets.xcassets */ = {isa = PBXFileReference; lastKnownFileType = folder.assetcatalog; path = Assets.xcassets; sourceTree = "<group>"; };
		FF746D1E2BFA5081005D4251 /* Preview Assets.xcassets */ = {isa = PBXFileReference; lastKnownFileType = folder.assetcatalog; path = "Preview Assets.xcassets"; sourceTree = "<group>"; };
		FF746D342BFA5A6F005D4251 /* MainTabView.swift */ = {isa = PBXFileReference; lastKnownFileType = sourcecode.swift; path = MainTabView.swift; sourceTree = "<group>"; };
		FF746D362BFA5D4D005D4251 /* ProfileView.swift */ = {isa = PBXFileReference; lastKnownFileType = sourcecode.swift; path = ProfileView.swift; sourceTree = "<group>"; };
		FF746D392BFA69A9005D4251 /* PersonImageModifier.swift */ = {isa = PBXFileReference; lastKnownFileType = sourcecode.swift; path = PersonImageModifier.swift; sourceTree = "<group>"; };
		FF746D3C2BFA6B28005D4251 /* EditProfileButtonModifier.swift */ = {isa = PBXFileReference; lastKnownFileType = sourcecode.swift; path = EditProfileButtonModifier.swift; sourceTree = "<group>"; };
		FF746D3E2BFA6BC9005D4251 /* PostsFollowsModifier.swift */ = {isa = PBXFileReference; lastKnownFileType = sourcecode.swift; path = PostsFollowsModifier.swift; sourceTree = "<group>"; };
		FF746D412BFA6DC6005D4251 /* UserStatView.swift */ = {isa = PBXFileReference; lastKnownFileType = sourcecode.swift; path = UserStatView.swift; sourceTree = "<group>"; };
		FF746D432BFB3753005D4251 /* FeedView.swift */ = {isa = PBXFileReference; lastKnownFileType = sourcecode.swift; path = FeedView.swift; sourceTree = "<group>"; };
		FF746D452BFB3763005D4251 /* FeedCell.swift */ = {isa = PBXFileReference; lastKnownFileType = sourcecode.swift; path = FeedCell.swift; sourceTree = "<group>"; };
		FF746D482BFB3B11005D4251 /* FeedCellProfileImageModifier.swift */ = {isa = PBXFileReference; lastKnownFileType = sourcecode.swift; path = FeedCellProfileImageModifier.swift; sourceTree = "<group>"; };
		FF746D4A2BFB3C62005D4251 /* FeedCellPostImageModifier.swift */ = {isa = PBXFileReference; lastKnownFileType = sourcecode.swift; path = FeedCellPostImageModifier.swift; sourceTree = "<group>"; };
		FF746D4C2BFB4304005D4251 /* FeedCellBaseTitleModifier.swift */ = {isa = PBXFileReference; lastKnownFileType = sourcecode.swift; path = FeedCellBaseTitleModifier.swift; sourceTree = "<group>"; };
		FF746D4E2BFB452C005D4251 /* FeedCellCaptionTitleModifier.swift */ = {isa = PBXFileReference; lastKnownFileType = sourcecode.swift; path = FeedCellCaptionTitleModifier.swift; sourceTree = "<group>"; };
		FF746D502BFB45CC005D4251 /* FeedCellCaptionHoursTitleModifier.swift */ = {isa = PBXFileReference; lastKnownFileType = sourcecode.swift; path = FeedCellCaptionHoursTitleModifier.swift; sourceTree = "<group>"; };
		FF746D522BFB7188005D4251 /* SearchView.swift */ = {isa = PBXFileReference; lastKnownFileType = sourcecode.swift; path = SearchView.swift; sourceTree = "<group>"; };
		FF746D552BFB734F005D4251 /* SearchProfileImageModifier.swift */ = {isa = PBXFileReference; lastKnownFileType = sourcecode.swift; path = SearchProfileImageModifier.swift; sourceTree = "<group>"; };
		FF746D572BFB8645005D4251 /* LoginView.swift */ = {isa = PBXFileReference; lastKnownFileType = sourcecode.swift; path = LoginView.swift; sourceTree = "<group>"; };
		FF746D592BFB88CD005D4251 /* LoginViewTextfieldModifier.swift */ = {isa = PBXFileReference; lastKnownFileType = sourcecode.swift; path = LoginViewTextfieldModifier.swift; sourceTree = "<group>"; };
		FF746D5D2BFB8AE4005D4251 /* LoginViewBaseButtonTitleModifier.swift */ = {isa = PBXFileReference; lastKnownFileType = sourcecode.swift; path = LoginViewBaseButtonTitleModifier.swift; sourceTree = "<group>"; };
		FF746D5F2BFB8C3B005D4251 /* LoginButtonTitleModifier.swift */ = {isa = PBXFileReference; lastKnownFileType = sourcecode.swift; path = LoginButtonTitleModifier.swift; sourceTree = "<group>"; };
		FF746D612BFB8FE5005D4251 /* LoginViewDividerModifier.swift */ = {isa = PBXFileReference; lastKnownFileType = sourcecode.swift; path = LoginViewDividerModifier.swift; sourceTree = "<group>"; };
		FF746D632BFB9141005D4251 /* LoginViewTextOrModifier.swift */ = {isa = PBXFileReference; lastKnownFileType = sourcecode.swift; path = LoginViewTextOrModifier.swift; sourceTree = "<group>"; };
		FFCE5E9A2C02120E002B5520 /* FeedViewModel.swift */ = {isa = PBXFileReference; lastKnownFileType = sourcecode.swift; path = FeedViewModel.swift; sourceTree = "<group>"; };
/* End PBXFileReference section */

/* Begin PBXFrameworksBuildPhase section */
		FF746D112BFA507F005D4251 /* Frameworks */ = {
			isa = PBXFrameworksBuildPhase;
			buildActionMask = 2147483647;
			files = (
				FF4094A62BFD26F0001F49DE /* FirebaseDatabase in Frameworks */,
				FF4094B42BFD26F0001F49DE /* FirebaseFunctionsCombine-Community in Frameworks */,
				FF4094AC2BFD26F0001F49DE /* FirebaseFirestore in Frameworks */,
				FF4094982BFD26F0001F49DE /* FirebaseAnalyticsSwift in Frameworks */,
				FF4094942BFD26F0001F49DE /* FirebaseAnalytics in Frameworks */,
				FF4094962BFD26F0001F49DE /* FirebaseAnalyticsOnDeviceConversion in Frameworks */,
				FF4094BC2BFD26F0001F49DE /* FirebaseMLModelDownloader in Frameworks */,
				FF4094B02BFD26F0001F49DE /* FirebaseFirestoreSwift in Frameworks */,
				FF4094EB2C00F516001F49DE /* Kingfisher in Frameworks */,
				FF40949C2BFD26F0001F49DE /* FirebaseAppCheck in Frameworks */,
				FF40949A2BFD26F0001F49DE /* FirebaseAnalyticsWithoutAdIdSupport in Frameworks */,
				FF4094A02BFD26F0001F49DE /* FirebaseAuth in Frameworks */,
				FF4094A42BFD26F0001F49DE /* FirebaseCrashlytics in Frameworks */,
				FF4094C42BFD26F0001F49DE /* FirebaseRemoteConfigSwift in Frameworks */,
				FF4094B62BFD26F0001F49DE /* FirebaseInAppMessaging-Beta in Frameworks */,
				FF4094A82BFD26F0001F49DE /* FirebaseDatabaseSwift in Frameworks */,
				FF4094B22BFD26F0001F49DE /* FirebaseFunctions in Frameworks */,
				FF4094C82BFD26F0001F49DE /* FirebaseStorageCombine-Community in Frameworks */,
				FF4094C22BFD26F0001F49DE /* FirebaseRemoteConfig in Frameworks */,
				FF40949E2BFD26F0001F49DE /* FirebaseAppDistribution-Beta in Frameworks */,
				FF4094A22BFD26F0001F49DE /* FirebaseAuthCombine-Community in Frameworks */,
				FF4094C02BFD26F0001F49DE /* FirebasePerformance in Frameworks */,
				FF4094B82BFD26F0001F49DE /* FirebaseInAppMessagingSwift-Beta in Frameworks */,
				FF4094C62BFD26F0001F49DE /* FirebaseStorage in Frameworks */,
				FF4094AA2BFD26F0001F49DE /* FirebaseDynamicLinks in Frameworks */,
				FF4094CA2BFD26F0001F49DE /* FirebaseVertexAI-Preview in Frameworks */,
				FF4094AE2BFD26F0001F49DE /* FirebaseFirestoreCombine-Community in Frameworks */,
				FF4094BE2BFD26F0001F49DE /* FirebaseMessaging in Frameworks */,
				FF4094BA2BFD26F0001F49DE /* FirebaseInstallations in Frameworks */,
			);
			runOnlyForDeploymentPostprocessing = 0;
		};
/* End PBXFrameworksBuildPhase section */

/* Begin PBXGroup section */
		FF4094732BFBA186001F49DE /* AddEmailView */ = {
			isa = PBXGroup;
			children = (
				FF4094742BFBA1CC001F49DE /* AddYourEmailTitleModifier.swift */,
				FF4094762BFBA283001F49DE /* AddEmailTextModifier .swift */,
			);
			path = AddEmailView;
			sourceTree = "<group>";
		};
		FF4094862BFCF638001F49DE /* PostsModifiers */ = {
			isa = PBXGroup;
			children = (
				FF4094842BFCF5CE001F49DE /* PostGridModifier.swift */,
			);
			path = PostsModifiers;
			sourceTree = "<group>";
		};
		FF40948D2BFD16BD001F49DE /* ViewModel */ = {
			isa = PBXGroup;
			children = (
				FF40948E2BFD16D6001F49DE /* UploadPostViewModel.swift */,
			);
			path = ViewModel;
			sourceTree = "<group>";
		};
		FF4094CB2BFD909F001F49DE /* VIews */ = {
			isa = PBXGroup;
			children = (
				FF4094712BFBA0A4001F49DE /* AddEmailView.swift */,
				FF4094782BFBAC94001F49DE /* CreateUserNameView.swift */,
				FF40947A2BFBC5E2001F49DE /* CreatePasswordVIew.swift */,
				FF40947C2BFBC8EF001F49DE /* CompleteSignUpVIew.swift */,
				FF746D572BFB8645005D4251 /* LoginView.swift */,
			);
			path = VIews;
			sourceTree = "<group>";
		};
		FF4094CC2BFD90FC001F49DE /* Service */ = {
			isa = PBXGroup;
			children = (
				FF4094CD2BFD911F001F49DE /* AuthService.swift */,
			);
			path = Service;
			sourceTree = "<group>";
		};
		FF4094CF2BFD9361001F49DE /* Views */ = {
			isa = PBXGroup;
			children = (
				FF746D192BFA507F005D4251 /* ContentView.swift */,
			);
			path = Views;
			sourceTree = "<group>";
		};
		FF4094D02BFD9369001F49DE /* ViewModel */ = {
			isa = PBXGroup;
			children = (
				FF4094D12BFD938E001F49DE /* ContentViewModel.swift */,
			);
			path = ViewModel;
			sourceTree = "<group>";
		};
		FF4094D32BFDA21E001F49DE /* Service */ = {
			isa = PBXGroup;
			children = (
			);
			path = Service;
			sourceTree = "<group>";
		};
		FF4094D62BFDA2A0001F49DE /* ViewModel */ = {
			isa = PBXGroup;
			children = (
				FF4094D42BFDA25D001F49DE /* RegistrationViewModel.swift */,
				FF4094D72BFF09CA001F49DE /* LoginViewModel.swift */,
			);
			path = ViewModel;
			sourceTree = "<group>";
		};
		FF4094DB2BFF6373001F49DE /* ViewModel */ = {
			isa = PBXGroup;
			children = (
				FF4094DD2BFF6395001F49DE /* SearchViewModel.swift */,
			);
			path = ViewModel;
			sourceTree = "<group>";
		};
		FF4094DC2BFF637C001F49DE /* View */ = {
			isa = PBXGroup;
			children = (
				FF746D522BFB7188005D4251 /* SearchView.swift */,
			);
			path = View;
			sourceTree = "<group>";
		};
		FF4094E32C0076F5001F49DE /* ViewModel */ = {
			isa = PBXGroup;
			children = (
				FF4094E52C007750001F49DE /* EditProfileViewModel.swift */,
			);
			path = ViewModel;
			sourceTree = "<group>";
		};
		FF4094E42C007709001F49DE /* View */ = {
			isa = PBXGroup;
			children = (
				FF746D362BFA5D4D005D4251 /* ProfileView.swift */,
				FF4094802BFC756C001F49DE /* CurrentUserProfileView.swift */,
				FF4094872BFD016D001F49DE /* PostGridView.swift */,
				FF4094892BFD05BF001F49DE /* ProfileHeaderView.swift */,
				FF4094DF2BFFADC6001F49DE /* EditProfileView.swift */,
				FF4094E12C0071C2001F49DE /* EditProfileRowView.swift */,
			);
			path = View;
			sourceTree = "<group>";
		};
		FF4094F02C01B79E001F49DE /* VIew */ = {
			isa = PBXGroup;
			children = (
				FF40948B2BFD0977001F49DE /* UploadPostView.swift */,
			);
			path = VIew;
			sourceTree = "<group>";
		};
		FF746D0B2BFA507F005D4251 = {
			isa = PBXGroup;
			children = (
				FF746D162BFA507F005D4251 /* InstagramSwiftUI */,
				FF746D152BFA507F005D4251 /* Products */,
			);
			sourceTree = "<group>";
		};
		FF746D152BFA507F005D4251 /* Products */ = {
			isa = PBXGroup;
			children = (
				FF746D142BFA507F005D4251 /* InstagramSwiftUI.app */,
			);
			name = Products;
			sourceTree = "<group>";
		};
		FF746D162BFA507F005D4251 /* InstagramSwiftUI */ = {
			isa = PBXGroup;
			children = (
				FF746D2C2BFA5234005D4251 /* App */,
				FF746D2B2BFA5226005D4251 /* Core */,
				FF746D2A2BFA5221005D4251 /* Extensions */,
				FF746D292BFA521D005D4251 /* Model */,
				FF746D382BFA68E4005D4251 /* Modifier */,
				FF746D282BFA5218005D4251 /* Services */,
				FF4094902BFD1FFD001F49DE /* GoogleService-Info.plist */,
				FF746D1B2BFA5081005D4251 /* Assets.xcassets */,
				FF746D1D2BFA5081005D4251 /* Preview Content */,
			);
			path = InstagramSwiftUI;
			sourceTree = "<group>";
		};
		FF746D1D2BFA5081005D4251 /* Preview Content */ = {
			isa = PBXGroup;
			children = (
				FF746D1E2BFA5081005D4251 /* Preview Assets.xcassets */,
			);
			path = "Preview Content";
			sourceTree = "<group>";
		};
		FF746D282BFA5218005D4251 /* Services */ = {
			isa = PBXGroup;
			children = (
				FF4094D92BFF629C001F49DE /* UserService.swift */,
				FF4094E72C00E864001F49DE /* ImageUploader.swift */,
			);
			path = Services;
			sourceTree = "<group>";
		};
		FF746D292BFA521D005D4251 /* Model */ = {
			isa = PBXGroup;
			children = (
				FF40947E2BFC64E0001F49DE /* User.swift */,
				FF4094822BFC791E001F49DE /* Post.swift */,
			);
			path = Model;
			sourceTree = "<group>";
		};
		FF746D2A2BFA5221005D4251 /* Extensions */ = {
			isa = PBXGroup;
			children = (
			);
			path = Extensions;
			sourceTree = "<group>";
		};
		FF746D2B2BFA5226005D4251 /* Core */ = {
			isa = PBXGroup;
			children = (
				FF746D2D2BFA5884005D4251 /* Authentication */,
				FF746D402BFA6DA2005D4251 /* Components */,
				FF746D2E2BFA58AF005D4251 /* Feed */,
				FF746D2F2BFA58BD005D4251 /* Profile */,
				FF746D302BFA58D5005D4251 /* Root */,
				FF746D312BFA58E2005D4251 /* Search */,
				FF746D322BFA5934005D4251 /* TabBar */,
				FF746D332BFA5940005D4251 /* UploadPost */,
			);
			path = Core;
			sourceTree = "<group>";
		};
		FF746D2C2BFA5234005D4251 /* App */ = {
			isa = PBXGroup;
			children = (
				FF746D172BFA507F005D4251 /* InstagramSwiftUIApp.swift */,
			);
			path = App;
			sourceTree = "<group>";
		};
		FF746D2D2BFA5884005D4251 /* Authentication */ = {
			isa = PBXGroup;
			children = (
				FF4094D62BFDA2A0001F49DE /* ViewModel */,
				FF4094CC2BFD90FC001F49DE /* Service */,
				FF4094CB2BFD909F001F49DE /* VIews */,
			);
			path = Authentication;
			sourceTree = "<group>";
		};
		FF746D2E2BFA58AF005D4251 /* Feed */ = {
			isa = PBXGroup;
			children = (
				FFCE5E992C0211EA002B5520 /* View */,
				FFCE5E982C0211CE002B5520 /* ViewModel */,
			);
			path = Feed;
			sourceTree = "<group>";
		};
		FF746D2F2BFA58BD005D4251 /* Profile */ = {
			isa = PBXGroup;
			children = (
				FF4094E42C007709001F49DE /* View */,
				FF4094E32C0076F5001F49DE /* ViewModel */,
			);
			path = Profile;
			sourceTree = "<group>";
		};
		FF746D302BFA58D5005D4251 /* Root */ = {
			isa = PBXGroup;
			children = (
				FF4094D32BFDA21E001F49DE /* Service */,
				FF4094D02BFD9369001F49DE /* ViewModel */,
				FF4094CF2BFD9361001F49DE /* Views */,
			);
			path = Root;
			sourceTree = "<group>";
		};
		FF746D312BFA58E2005D4251 /* Search */ = {
			isa = PBXGroup;
			children = (
				FF4094DC2BFF637C001F49DE /* View */,
				FF4094DB2BFF6373001F49DE /* ViewModel */,
			);
			path = Search;
			sourceTree = "<group>";
		};
		FF746D322BFA5934005D4251 /* TabBar */ = {
			isa = PBXGroup;
			children = (
				FF746D342BFA5A6F005D4251 /* MainTabView.swift */,
			);
			path = TabBar;
			sourceTree = "<group>";
		};
		FF746D332BFA5940005D4251 /* UploadPost */ = {
			isa = PBXGroup;
			children = (
				FF4094F02C01B79E001F49DE /* VIew */,
				FF40948D2BFD16BD001F49DE /* ViewModel */,
			);
			path = UploadPost;
			sourceTree = "<group>";
		};
		FF746D382BFA68E4005D4251 /* Modifier */ = {
			isa = PBXGroup;
			children = (
				FF4094862BFCF638001F49DE /* PostsModifiers */,
				FF746D542BFB7325005D4251 /* SearchModifiers */,
				FF746D472BFB3ADF005D4251 /* FeedModifiers */,
				FF746D3B2BFA69AD005D4251 /* ProfileVIewModifiers */,
			);
			path = Modifier;
			sourceTree = "<group>";
		};
		FF746D3B2BFA69AD005D4251 /* ProfileVIewModifiers */ = {
			isa = PBXGroup;
			children = (
				FF4094732BFBA186001F49DE /* AddEmailView */,
				FF746D5C2BFB8A7D005D4251 /* ProfileView */,
				FF746D5B2BFB8A63005D4251 /* LoginView */,
			);
			path = ProfileVIewModifiers;
			sourceTree = "<group>";
		};
		FF746D402BFA6DA2005D4251 /* Components */ = {
			isa = PBXGroup;
			children = (
				FF746D412BFA6DC6005D4251 /* UserStatView.swift */,
				FF4094EC2C00F80D001F49DE /* CircularProfileImageView.swift */,
				FF4094EE2C010F60001F49DE /* ProfileImageSize.swift */,
			);
			path = Components;
			sourceTree = "<group>";
		};
		FF746D472BFB3ADF005D4251 /* FeedModifiers */ = {
			isa = PBXGroup;
			children = (
				FF746D482BFB3B11005D4251 /* FeedCellProfileImageModifier.swift */,
				FF746D4A2BFB3C62005D4251 /* FeedCellPostImageModifier.swift */,
				FF746D4C2BFB4304005D4251 /* FeedCellBaseTitleModifier.swift */,
				FF746D4E2BFB452C005D4251 /* FeedCellCaptionTitleModifier.swift */,
				FF746D502BFB45CC005D4251 /* FeedCellCaptionHoursTitleModifier.swift */,
			);
			path = FeedModifiers;
			sourceTree = "<group>";
		};
		FF746D542BFB7325005D4251 /* SearchModifiers */ = {
			isa = PBXGroup;
			children = (
				FF746D552BFB734F005D4251 /* SearchProfileImageModifier.swift */,
			);
			path = SearchModifiers;
			sourceTree = "<group>";
		};
		FF746D5B2BFB8A63005D4251 /* LoginView */ = {
			isa = PBXGroup;
			children = (
				FF746D592BFB88CD005D4251 /* LoginViewTextfieldModifier.swift */,
				FF746D5D2BFB8AE4005D4251 /* LoginViewBaseButtonTitleModifier.swift */,
				FF746D5F2BFB8C3B005D4251 /* LoginButtonTitleModifier.swift */,
				FF746D612BFB8FE5005D4251 /* LoginViewDividerModifier.swift */,
				FF746D632BFB9141005D4251 /* LoginViewTextOrModifier.swift */,
			);
			path = LoginView;
			sourceTree = "<group>";
		};
		FF746D5C2BFB8A7D005D4251 /* ProfileView */ = {
			isa = PBXGroup;
			children = (
				FF746D392BFA69A9005D4251 /* PersonImageModifier.swift */,
				FF746D3C2BFA6B28005D4251 /* EditProfileButtonModifier.swift */,
				FF746D3E2BFA6BC9005D4251 /* PostsFollowsModifier.swift */,
			);
			path = ProfileView;
			sourceTree = "<group>";
		};
		FFCE5E982C0211CE002B5520 /* ViewModel */ = {
			isa = PBXGroup;
			children = (
				FFCE5E9A2C02120E002B5520 /* FeedViewModel.swift */,
			);
			path = ViewModel;
			sourceTree = "<group>";
		};
		FFCE5E992C0211EA002B5520 /* View */ = {
			isa = PBXGroup;
			children = (
				FF746D432BFB3753005D4251 /* FeedView.swift */,
				FF746D452BFB3763005D4251 /* FeedCell.swift */,
			);
			path = View;
			sourceTree = "<group>";
		};
/* End PBXGroup section */

/* Begin PBXNativeTarget section */
		FF746D132BFA507F005D4251 /* InstagramSwiftUI */ = {
			isa = PBXNativeTarget;
			buildConfigurationList = FF746D222BFA5081005D4251 /* Build configuration list for PBXNativeTarget "InstagramSwiftUI" */;
			buildPhases = (
				FF746D102BFA507F005D4251 /* Sources */,
				FF746D112BFA507F005D4251 /* Frameworks */,
				FF746D122BFA507F005D4251 /* Resources */,
			);
			buildRules = (
			);
			dependencies = (
			);
			name = InstagramSwiftUI;
			packageProductDependencies = (
				FF4094932BFD26F0001F49DE /* FirebaseAnalytics */,
				FF4094952BFD26F0001F49DE /* FirebaseAnalyticsOnDeviceConversion */,
				FF4094972BFD26F0001F49DE /* FirebaseAnalyticsSwift */,
				FF4094992BFD26F0001F49DE /* FirebaseAnalyticsWithoutAdIdSupport */,
				FF40949B2BFD26F0001F49DE /* FirebaseAppCheck */,
				FF40949D2BFD26F0001F49DE /* FirebaseAppDistribution-Beta */,
				FF40949F2BFD26F0001F49DE /* FirebaseAuth */,
				FF4094A12BFD26F0001F49DE /* FirebaseAuthCombine-Community */,
				FF4094A32BFD26F0001F49DE /* FirebaseCrashlytics */,
				FF4094A52BFD26F0001F49DE /* FirebaseDatabase */,
				FF4094A72BFD26F0001F49DE /* FirebaseDatabaseSwift */,
				FF4094A92BFD26F0001F49DE /* FirebaseDynamicLinks */,
				FF4094AB2BFD26F0001F49DE /* FirebaseFirestore */,
				FF4094AD2BFD26F0001F49DE /* FirebaseFirestoreCombine-Community */,
				FF4094AF2BFD26F0001F49DE /* FirebaseFirestoreSwift */,
				FF4094B12BFD26F0001F49DE /* FirebaseFunctions */,
				FF4094B32BFD26F0001F49DE /* FirebaseFunctionsCombine-Community */,
				FF4094B52BFD26F0001F49DE /* FirebaseInAppMessaging-Beta */,
				FF4094B72BFD26F0001F49DE /* FirebaseInAppMessagingSwift-Beta */,
				FF4094B92BFD26F0001F49DE /* FirebaseInstallations */,
				FF4094BB2BFD26F0001F49DE /* FirebaseMLModelDownloader */,
				FF4094BD2BFD26F0001F49DE /* FirebaseMessaging */,
				FF4094BF2BFD26F0001F49DE /* FirebasePerformance */,
				FF4094C12BFD26F0001F49DE /* FirebaseRemoteConfig */,
				FF4094C32BFD26F0001F49DE /* FirebaseRemoteConfigSwift */,
				FF4094C52BFD26F0001F49DE /* FirebaseStorage */,
				FF4094C72BFD26F0001F49DE /* FirebaseStorageCombine-Community */,
				FF4094C92BFD26F0001F49DE /* FirebaseVertexAI-Preview */,
				FF4094EA2C00F516001F49DE /* Kingfisher */,
			);
			productName = InstagramSwiftUI;
			productReference = FF746D142BFA507F005D4251 /* InstagramSwiftUI.app */;
			productType = "com.apple.product-type.application";
		};
/* End PBXNativeTarget section */

/* Begin PBXProject section */
		FF746D0C2BFA507F005D4251 /* Project object */ = {
			isa = PBXProject;
			attributes = {
				BuildIndependentTargetsInParallel = 1;
				LastSwiftUpdateCheck = 1520;
				LastUpgradeCheck = 1520;
				TargetAttributes = {
					FF746D132BFA507F005D4251 = {
						CreatedOnToolsVersion = 15.2;
					};
				};
			};
			buildConfigurationList = FF746D0F2BFA507F005D4251 /* Build configuration list for PBXProject "InstagramSwiftUI" */;
			compatibilityVersion = "Xcode 14.0";
			developmentRegion = en;
			hasScannedForEncodings = 0;
			knownRegions = (
				en,
				Base,
			);
			mainGroup = FF746D0B2BFA507F005D4251;
			packageReferences = (
				FF4094922BFD26F0001F49DE /* XCRemoteSwiftPackageReference "firebase-ios-sdk" */,
				FF4094E92C00F516001F49DE /* XCRemoteSwiftPackageReference "Kingfisher" */,
			);
			productRefGroup = FF746D152BFA507F005D4251 /* Products */;
			projectDirPath = "";
			projectRoot = "";
			targets = (
				FF746D132BFA507F005D4251 /* InstagramSwiftUI */,
			);
		};
/* End PBXProject section */

/* Begin PBXResourcesBuildPhase section */
		FF746D122BFA507F005D4251 /* Resources */ = {
			isa = PBXResourcesBuildPhase;
			buildActionMask = 2147483647;
			files = (
				FF746D1F2BFA5081005D4251 /* Preview Assets.xcassets in Resources */,
				FF746D1C2BFA5081005D4251 /* Assets.xcassets in Resources */,
				FF4094912BFD1FFD001F49DE /* GoogleService-Info.plist in Resources */,
			);
			runOnlyForDeploymentPostprocessing = 0;
		};
/* End PBXResourcesBuildPhase section */

/* Begin PBXSourcesBuildPhase section */
		FF746D102BFA507F005D4251 /* Sources */ = {
			isa = PBXSourcesBuildPhase;
			buildActionMask = 2147483647;
			files = (
				FFCE5E9B2C02120E002B5520 /* FeedViewModel.swift in Sources */,
				FF746D372BFA5D4D005D4251 /* ProfileView.swift in Sources */,
				FF746D462BFB3763005D4251 /* FeedCell.swift in Sources */,
				FF746D5E2BFB8AE4005D4251 /* LoginViewBaseButtonTitleModifier.swift in Sources */,
				FF746D442BFB3753005D4251 /* FeedView.swift in Sources */,
				FF746D5A2BFB88CD005D4251 /* LoginViewTextfieldModifier.swift in Sources */,
				FF4094D82BFF09CA001F49DE /* LoginViewModel.swift in Sources */,
				FF4094D52BFDA25D001F49DE /* RegistrationViewModel.swift in Sources */,
				FF746D622BFB8FE5005D4251 /* LoginViewDividerModifier.swift in Sources */,
				FF746D3A2BFA69A9005D4251 /* PersonImageModifier.swift in Sources */,
				FF746D1A2BFA507F005D4251 /* ContentView.swift in Sources */,
				FF40947F2BFC64E0001F49DE /* User.swift in Sources */,
				FF4094752BFBA1CC001F49DE /* AddYourEmailTitleModifier.swift in Sources */,
				FF746D422BFA6DC6005D4251 /* UserStatView.swift in Sources */,
				FF4094ED2C00F80D001F49DE /* CircularProfileImageView.swift in Sources */,
				FF4094832BFC791E001F49DE /* Post.swift in Sources */,
				FF4094E22C0071C2001F49DE /* EditProfileRowView.swift in Sources */,
				FF4094E02BFFADC6001F49DE /* EditProfileView.swift in Sources */,
				FF4094EF2C010F60001F49DE /* ProfileImageSize.swift in Sources */,
				FF4094DA2BFF629C001F49DE /* UserService.swift in Sources */,
				FF4094E82C00E864001F49DE /* ImageUploader.swift in Sources */,
				FF4094722BFBA0A4001F49DE /* AddEmailView.swift in Sources */,
				FF4094792BFBAC94001F49DE /* CreateUserNameView.swift in Sources */,
				FF4094D22BFD938E001F49DE /* ContentViewModel.swift in Sources */,
				FF746D4B2BFB3C62005D4251 /* FeedCellPostImageModifier.swift in Sources */,
				FF40947B2BFBC5E2001F49DE /* CreatePasswordVIew.swift in Sources */,
				FF4094882BFD016D001F49DE /* PostGridView.swift in Sources */,
				FF40947D2BFBC8EF001F49DE /* CompleteSignUpVIew.swift in Sources */,
				FF746D492BFB3B11005D4251 /* FeedCellProfileImageModifier.swift in Sources */,
				FF746D182BFA507F005D4251 /* InstagramSwiftUIApp.swift in Sources */,
				FF746D3F2BFA6BC9005D4251 /* PostsFollowsModifier.swift in Sources */,
				FF4094852BFCF5CE001F49DE /* PostGridModifier.swift in Sources */,
				FF746D602BFB8C3B005D4251 /* LoginButtonTitleModifier.swift in Sources */,
				FF746D3D2BFA6B28005D4251 /* EditProfileButtonModifier.swift in Sources */,
				FF746D352BFA5A6F005D4251 /* MainTabView.swift in Sources */,
				FF4094CE2BFD911F001F49DE /* AuthService.swift in Sources */,
				FF40948C2BFD0977001F49DE /* UploadPostView.swift in Sources */,
				FF4094DE2BFF6395001F49DE /* SearchViewModel.swift in Sources */,
				FF4094E62C007750001F49DE /* EditProfileViewModel.swift in Sources */,
				FF746D582BFB8645005D4251 /* LoginView.swift in Sources */,
				FF746D562BFB734F005D4251 /* SearchProfileImageModifier.swift in Sources */,
				FF746D642BFB9141005D4251 /* LoginViewTextOrModifier.swift in Sources */,
				FF4094812BFC756C001F49DE /* CurrentUserProfileView.swift in Sources */,
				FF746D532BFB7188005D4251 /* SearchView.swift in Sources */,
				FF746D512BFB45CC005D4251 /* FeedCellCaptionHoursTitleModifier.swift in Sources */,
				FF746D4F2BFB452C005D4251 /* FeedCellCaptionTitleModifier.swift in Sources */,
				FF40948A2BFD05BF001F49DE /* ProfileHeaderView.swift in Sources */,
				FF746D4D2BFB4304005D4251 /* FeedCellBaseTitleModifier.swift in Sources */,
				FF40948F2BFD16D6001F49DE /* UploadPostViewModel.swift in Sources */,
				FF4094772BFBA283001F49DE /* AddEmailTextModifier .swift in Sources */,
			);
			runOnlyForDeploymentPostprocessing = 0;
		};
/* End PBXSourcesBuildPhase section */

/* Begin XCBuildConfiguration section */
		FF746D202BFA5081005D4251 /* Debug */ = {
			isa = XCBuildConfiguration;
			buildSettings = {
				ALWAYS_SEARCH_USER_PATHS = NO;
				ASSETCATALOG_COMPILER_GENERATE_SWIFT_ASSET_SYMBOL_EXTENSIONS = YES;
				CLANG_ANALYZER_NONNULL = YES;
				CLANG_ANALYZER_NUMBER_OBJECT_CONVERSION = YES_AGGRESSIVE;
				CLANG_CXX_LANGUAGE_STANDARD = "gnu++20";
				CLANG_ENABLE_MODULES = YES;
				CLANG_ENABLE_OBJC_ARC = YES;
				CLANG_ENABLE_OBJC_WEAK = YES;
				CLANG_WARN_BLOCK_CAPTURE_AUTORELEASING = YES;
				CLANG_WARN_BOOL_CONVERSION = YES;
				CLANG_WARN_COMMA = YES;
				CLANG_WARN_CONSTANT_CONVERSION = YES;
				CLANG_WARN_DEPRECATED_OBJC_IMPLEMENTATIONS = YES;
				CLANG_WARN_DIRECT_OBJC_ISA_USAGE = YES_ERROR;
				CLANG_WARN_DOCUMENTATION_COMMENTS = YES;
				CLANG_WARN_EMPTY_BODY = YES;
				CLANG_WARN_ENUM_CONVERSION = YES;
				CLANG_WARN_INFINITE_RECURSION = YES;
				CLANG_WARN_INT_CONVERSION = YES;
				CLANG_WARN_NON_LITERAL_NULL_CONVERSION = YES;
				CLANG_WARN_OBJC_IMPLICIT_RETAIN_SELF = YES;
				CLANG_WARN_OBJC_LITERAL_CONVERSION = YES;
				CLANG_WARN_OBJC_ROOT_CLASS = YES_ERROR;
				CLANG_WARN_QUOTED_INCLUDE_IN_FRAMEWORK_HEADER = YES;
				CLANG_WARN_RANGE_LOOP_ANALYSIS = YES;
				CLANG_WARN_STRICT_PROTOTYPES = YES;
				CLANG_WARN_SUSPICIOUS_MOVE = YES;
				CLANG_WARN_UNGUARDED_AVAILABILITY = YES_AGGRESSIVE;
				CLANG_WARN_UNREACHABLE_CODE = YES;
				CLANG_WARN__DUPLICATE_METHOD_MATCH = YES;
				COPY_PHASE_STRIP = NO;
				DEBUG_INFORMATION_FORMAT = dwarf;
				ENABLE_STRICT_OBJC_MSGSEND = YES;
				ENABLE_TESTABILITY = YES;
				ENABLE_USER_SCRIPT_SANDBOXING = YES;
				GCC_C_LANGUAGE_STANDARD = gnu17;
				GCC_DYNAMIC_NO_PIC = NO;
				GCC_NO_COMMON_BLOCKS = YES;
				GCC_OPTIMIZATION_LEVEL = 0;
				GCC_PREPROCESSOR_DEFINITIONS = (
					"DEBUG=1",
					"$(inherited)",
				);
				GCC_WARN_64_TO_32_BIT_CONVERSION = YES;
				GCC_WARN_ABOUT_RETURN_TYPE = YES_ERROR;
				GCC_WARN_UNDECLARED_SELECTOR = YES;
				GCC_WARN_UNINITIALIZED_AUTOS = YES_AGGRESSIVE;
				GCC_WARN_UNUSED_FUNCTION = YES;
				GCC_WARN_UNUSED_VARIABLE = YES;
				IPHONEOS_DEPLOYMENT_TARGET = 17.2;
				LOCALIZATION_PREFERS_STRING_CATALOGS = YES;
				MTL_ENABLE_DEBUG_INFO = INCLUDE_SOURCE;
				MTL_FAST_MATH = YES;
				ONLY_ACTIVE_ARCH = YES;
				SDKROOT = iphoneos;
				SWIFT_ACTIVE_COMPILATION_CONDITIONS = "DEBUG $(inherited)";
				SWIFT_OPTIMIZATION_LEVEL = "-Onone";
			};
			name = Debug;
		};
		FF746D212BFA5081005D4251 /* Release */ = {
			isa = XCBuildConfiguration;
			buildSettings = {
				ALWAYS_SEARCH_USER_PATHS = NO;
				ASSETCATALOG_COMPILER_GENERATE_SWIFT_ASSET_SYMBOL_EXTENSIONS = YES;
				CLANG_ANALYZER_NONNULL = YES;
				CLANG_ANALYZER_NUMBER_OBJECT_CONVERSION = YES_AGGRESSIVE;
				CLANG_CXX_LANGUAGE_STANDARD = "gnu++20";
				CLANG_ENABLE_MODULES = YES;
				CLANG_ENABLE_OBJC_ARC = YES;
				CLANG_ENABLE_OBJC_WEAK = YES;
				CLANG_WARN_BLOCK_CAPTURE_AUTORELEASING = YES;
				CLANG_WARN_BOOL_CONVERSION = YES;
				CLANG_WARN_COMMA = YES;
				CLANG_WARN_CONSTANT_CONVERSION = YES;
				CLANG_WARN_DEPRECATED_OBJC_IMPLEMENTATIONS = YES;
				CLANG_WARN_DIRECT_OBJC_ISA_USAGE = YES_ERROR;
				CLANG_WARN_DOCUMENTATION_COMMENTS = YES;
				CLANG_WARN_EMPTY_BODY = YES;
				CLANG_WARN_ENUM_CONVERSION = YES;
				CLANG_WARN_INFINITE_RECURSION = YES;
				CLANG_WARN_INT_CONVERSION = YES;
				CLANG_WARN_NON_LITERAL_NULL_CONVERSION = YES;
				CLANG_WARN_OBJC_IMPLICIT_RETAIN_SELF = YES;
				CLANG_WARN_OBJC_LITERAL_CONVERSION = YES;
				CLANG_WARN_OBJC_ROOT_CLASS = YES_ERROR;
				CLANG_WARN_QUOTED_INCLUDE_IN_FRAMEWORK_HEADER = YES;
				CLANG_WARN_RANGE_LOOP_ANALYSIS = YES;
				CLANG_WARN_STRICT_PROTOTYPES = YES;
				CLANG_WARN_SUSPICIOUS_MOVE = YES;
				CLANG_WARN_UNGUARDED_AVAILABILITY = YES_AGGRESSIVE;
				CLANG_WARN_UNREACHABLE_CODE = YES;
				CLANG_WARN__DUPLICATE_METHOD_MATCH = YES;
				COPY_PHASE_STRIP = NO;
				DEBUG_INFORMATION_FORMAT = "dwarf-with-dsym";
				ENABLE_NS_ASSERTIONS = NO;
				ENABLE_STRICT_OBJC_MSGSEND = YES;
				ENABLE_USER_SCRIPT_SANDBOXING = YES;
				GCC_C_LANGUAGE_STANDARD = gnu17;
				GCC_NO_COMMON_BLOCKS = YES;
				GCC_WARN_64_TO_32_BIT_CONVERSION = YES;
				GCC_WARN_ABOUT_RETURN_TYPE = YES_ERROR;
				GCC_WARN_UNDECLARED_SELECTOR = YES;
				GCC_WARN_UNINITIALIZED_AUTOS = YES_AGGRESSIVE;
				GCC_WARN_UNUSED_FUNCTION = YES;
				GCC_WARN_UNUSED_VARIABLE = YES;
				IPHONEOS_DEPLOYMENT_TARGET = 17.2;
				LOCALIZATION_PREFERS_STRING_CATALOGS = YES;
				MTL_ENABLE_DEBUG_INFO = NO;
				MTL_FAST_MATH = YES;
				SDKROOT = iphoneos;
				SWIFT_COMPILATION_MODE = wholemodule;
				VALIDATE_PRODUCT = YES;
			};
			name = Release;
		};
		FF746D232BFA5081005D4251 /* Debug */ = {
			isa = XCBuildConfiguration;
			buildSettings = {
				ASSETCATALOG_COMPILER_APPICON_NAME = AppIcon;
				ASSETCATALOG_COMPILER_GLOBAL_ACCENT_COLOR_NAME = AccentColor;
				CODE_SIGN_STYLE = Automatic;
				CURRENT_PROJECT_VERSION = 1;
				DEVELOPMENT_ASSET_PATHS = "\"InstagramSwiftUI/Preview Content\"";
				DEVELOPMENT_TEAM = VYT9YM6M52;
				ENABLE_PREVIEWS = YES;
				GENERATE_INFOPLIST_FILE = YES;
				INFOPLIST_KEY_UIApplicationSceneManifest_Generation = YES;
				INFOPLIST_KEY_UIApplicationSupportsIndirectInputEvents = YES;
				INFOPLIST_KEY_UILaunchScreen_Generation = YES;
				INFOPLIST_KEY_UISupportedInterfaceOrientations_iPad = "UIInterfaceOrientationPortrait UIInterfaceOrientationPortraitUpsideDown UIInterfaceOrientationLandscapeLeft UIInterfaceOrientationLandscapeRight";
				INFOPLIST_KEY_UISupportedInterfaceOrientations_iPhone = "UIInterfaceOrientationPortrait UIInterfaceOrientationLandscapeLeft UIInterfaceOrientationLandscapeRight";
				LD_RUNPATH_SEARCH_PATHS = (
					"$(inherited)",
					"@executable_path/Frameworks",
				);
				MARKETING_VERSION = 1.0;
				PRODUCT_BUNDLE_IDENTIFIER = onlineapteka.InstagramSwiftUI;
				PRODUCT_NAME = "$(TARGET_NAME)";
				SWIFT_EMIT_LOC_STRINGS = YES;
				SWIFT_VERSION = 5.0;
				TARGETED_DEVICE_FAMILY = "1,2";
			};
			name = Debug;
		};
		FF746D242BFA5081005D4251 /* Release */ = {
			isa = XCBuildConfiguration;
			buildSettings = {
				ASSETCATALOG_COMPILER_APPICON_NAME = AppIcon;
				ASSETCATALOG_COMPILER_GLOBAL_ACCENT_COLOR_NAME = AccentColor;
				CODE_SIGN_STYLE = Automatic;
				CURRENT_PROJECT_VERSION = 1;
				DEVELOPMENT_ASSET_PATHS = "\"InstagramSwiftUI/Preview Content\"";
				DEVELOPMENT_TEAM = VYT9YM6M52;
				ENABLE_PREVIEWS = YES;
				GENERATE_INFOPLIST_FILE = YES;
				INFOPLIST_KEY_UIApplicationSceneManifest_Generation = YES;
				INFOPLIST_KEY_UIApplicationSupportsIndirectInputEvents = YES;
				INFOPLIST_KEY_UILaunchScreen_Generation = YES;
				INFOPLIST_KEY_UISupportedInterfaceOrientations_iPad = "UIInterfaceOrientationPortrait UIInterfaceOrientationPortraitUpsideDown UIInterfaceOrientationLandscapeLeft UIInterfaceOrientationLandscapeRight";
				INFOPLIST_KEY_UISupportedInterfaceOrientations_iPhone = "UIInterfaceOrientationPortrait UIInterfaceOrientationLandscapeLeft UIInterfaceOrientationLandscapeRight";
				LD_RUNPATH_SEARCH_PATHS = (
					"$(inherited)",
					"@executable_path/Frameworks",
				);
				MARKETING_VERSION = 1.0;
				PRODUCT_BUNDLE_IDENTIFIER = onlineapteka.InstagramSwiftUI;
				PRODUCT_NAME = "$(TARGET_NAME)";
				SWIFT_EMIT_LOC_STRINGS = YES;
				SWIFT_VERSION = 5.0;
				TARGETED_DEVICE_FAMILY = "1,2";
			};
			name = Release;
		};
/* End XCBuildConfiguration section */

/* Begin XCConfigurationList section */
		FF746D0F2BFA507F005D4251 /* Build configuration list for PBXProject "InstagramSwiftUI" */ = {
			isa = XCConfigurationList;
			buildConfigurations = (
				FF746D202BFA5081005D4251 /* Debug */,
				FF746D212BFA5081005D4251 /* Release */,
			);
			defaultConfigurationIsVisible = 0;
			defaultConfigurationName = Release;
		};
		FF746D222BFA5081005D4251 /* Build configuration list for PBXNativeTarget "InstagramSwiftUI" */ = {
			isa = XCConfigurationList;
			buildConfigurations = (
				FF746D232BFA5081005D4251 /* Debug */,
				FF746D242BFA5081005D4251 /* Release */,
			);
			defaultConfigurationIsVisible = 0;
			defaultConfigurationName = Release;
		};
/* End XCConfigurationList section */

/* Begin XCRemoteSwiftPackageReference section */
		FF4094922BFD26F0001F49DE /* XCRemoteSwiftPackageReference "firebase-ios-sdk" */ = {
			isa = XCRemoteSwiftPackageReference;
			repositoryURL = "https://github.com/firebase/firebase-ios-sdk";
			requirement = {
				kind = upToNextMajorVersion;
				minimumVersion = 10.26.0;
			};
		};
		FF4094E92C00F516001F49DE /* XCRemoteSwiftPackageReference "Kingfisher" */ = {
			isa = XCRemoteSwiftPackageReference;
			repositoryURL = "https://github.com/onevcat/Kingfisher";
			requirement = {
				kind = upToNextMajorVersion;
				minimumVersion = 7.11.0;
			};
		};
/* End XCRemoteSwiftPackageReference section */

/* Begin XCSwiftPackageProductDependency section */
		FF4094932BFD26F0001F49DE /* FirebaseAnalytics */ = {
			isa = XCSwiftPackageProductDependency;
			package = FF4094922BFD26F0001F49DE /* XCRemoteSwiftPackageReference "firebase-ios-sdk" */;
			productName = FirebaseAnalytics;
		};
		FF4094952BFD26F0001F49DE /* FirebaseAnalyticsOnDeviceConversion */ = {
			isa = XCSwiftPackageProductDependency;
			package = FF4094922BFD26F0001F49DE /* XCRemoteSwiftPackageReference "firebase-ios-sdk" */;
			productName = FirebaseAnalyticsOnDeviceConversion;
		};
		FF4094972BFD26F0001F49DE /* FirebaseAnalyticsSwift */ = {
			isa = XCSwiftPackageProductDependency;
			package = FF4094922BFD26F0001F49DE /* XCRemoteSwiftPackageReference "firebase-ios-sdk" */;
			productName = FirebaseAnalyticsSwift;
		};
		FF4094992BFD26F0001F49DE /* FirebaseAnalyticsWithoutAdIdSupport */ = {
			isa = XCSwiftPackageProductDependency;
			package = FF4094922BFD26F0001F49DE /* XCRemoteSwiftPackageReference "firebase-ios-sdk" */;
			productName = FirebaseAnalyticsWithoutAdIdSupport;
		};
		FF40949B2BFD26F0001F49DE /* FirebaseAppCheck */ = {
			isa = XCSwiftPackageProductDependency;
			package = FF4094922BFD26F0001F49DE /* XCRemoteSwiftPackageReference "firebase-ios-sdk" */;
			productName = FirebaseAppCheck;
		};
		FF40949D2BFD26F0001F49DE /* FirebaseAppDistribution-Beta */ = {
			isa = XCSwiftPackageProductDependency;
			package = FF4094922BFD26F0001F49DE /* XCRemoteSwiftPackageReference "firebase-ios-sdk" */;
			productName = "FirebaseAppDistribution-Beta";
		};
		FF40949F2BFD26F0001F49DE /* FirebaseAuth */ = {
			isa = XCSwiftPackageProductDependency;
			package = FF4094922BFD26F0001F49DE /* XCRemoteSwiftPackageReference "firebase-ios-sdk" */;
			productName = FirebaseAuth;
		};
		FF4094A12BFD26F0001F49DE /* FirebaseAuthCombine-Community */ = {
			isa = XCSwiftPackageProductDependency;
			package = FF4094922BFD26F0001F49DE /* XCRemoteSwiftPackageReference "firebase-ios-sdk" */;
			productName = "FirebaseAuthCombine-Community";
		};
		FF4094A32BFD26F0001F49DE /* FirebaseCrashlytics */ = {
			isa = XCSwiftPackageProductDependency;
			package = FF4094922BFD26F0001F49DE /* XCRemoteSwiftPackageReference "firebase-ios-sdk" */;
			productName = FirebaseCrashlytics;
		};
		FF4094A52BFD26F0001F49DE /* FirebaseDatabase */ = {
			isa = XCSwiftPackageProductDependency;
			package = FF4094922BFD26F0001F49DE /* XCRemoteSwiftPackageReference "firebase-ios-sdk" */;
			productName = FirebaseDatabase;
		};
		FF4094A72BFD26F0001F49DE /* FirebaseDatabaseSwift */ = {
			isa = XCSwiftPackageProductDependency;
			package = FF4094922BFD26F0001F49DE /* XCRemoteSwiftPackageReference "firebase-ios-sdk" */;
			productName = FirebaseDatabaseSwift;
		};
		FF4094A92BFD26F0001F49DE /* FirebaseDynamicLinks */ = {
			isa = XCSwiftPackageProductDependency;
			package = FF4094922BFD26F0001F49DE /* XCRemoteSwiftPackageReference "firebase-ios-sdk" */;
			productName = FirebaseDynamicLinks;
		};
		FF4094AB2BFD26F0001F49DE /* FirebaseFirestore */ = {
			isa = XCSwiftPackageProductDependency;
			package = FF4094922BFD26F0001F49DE /* XCRemoteSwiftPackageReference "firebase-ios-sdk" */;
			productName = FirebaseFirestore;
		};
		FF4094AD2BFD26F0001F49DE /* FirebaseFirestoreCombine-Community */ = {
			isa = XCSwiftPackageProductDependency;
			package = FF4094922BFD26F0001F49DE /* XCRemoteSwiftPackageReference "firebase-ios-sdk" */;
			productName = "FirebaseFirestoreCombine-Community";
		};
		FF4094AF2BFD26F0001F49DE /* FirebaseFirestoreSwift */ = {
			isa = XCSwiftPackageProductDependency;
			package = FF4094922BFD26F0001F49DE /* XCRemoteSwiftPackageReference "firebase-ios-sdk" */;
			productName = FirebaseFirestoreSwift;
		};
		FF4094B12BFD26F0001F49DE /* FirebaseFunctions */ = {
			isa = XCSwiftPackageProductDependency;
			package = FF4094922BFD26F0001F49DE /* XCRemoteSwiftPackageReference "firebase-ios-sdk" */;
			productName = FirebaseFunctions;
		};
		FF4094B32BFD26F0001F49DE /* FirebaseFunctionsCombine-Community */ = {
			isa = XCSwiftPackageProductDependency;
			package = FF4094922BFD26F0001F49DE /* XCRemoteSwiftPackageReference "firebase-ios-sdk" */;
			productName = "FirebaseFunctionsCombine-Community";
		};
		FF4094B52BFD26F0001F49DE /* FirebaseInAppMessaging-Beta */ = {
			isa = XCSwiftPackageProductDependency;
			package = FF4094922BFD26F0001F49DE /* XCRemoteSwiftPackageReference "firebase-ios-sdk" */;
			productName = "FirebaseInAppMessaging-Beta";
		};
		FF4094B72BFD26F0001F49DE /* FirebaseInAppMessagingSwift-Beta */ = {
			isa = XCSwiftPackageProductDependency;
			package = FF4094922BFD26F0001F49DE /* XCRemoteSwiftPackageReference "firebase-ios-sdk" */;
			productName = "FirebaseInAppMessagingSwift-Beta";
		};
		FF4094B92BFD26F0001F49DE /* FirebaseInstallations */ = {
			isa = XCSwiftPackageProductDependency;
			package = FF4094922BFD26F0001F49DE /* XCRemoteSwiftPackageReference "firebase-ios-sdk" */;
			productName = FirebaseInstallations;
		};
		FF4094BB2BFD26F0001F49DE /* FirebaseMLModelDownloader */ = {
			isa = XCSwiftPackageProductDependency;
			package = FF4094922BFD26F0001F49DE /* XCRemoteSwiftPackageReference "firebase-ios-sdk" */;
			productName = FirebaseMLModelDownloader;
		};
		FF4094BD2BFD26F0001F49DE /* FirebaseMessaging */ = {
			isa = XCSwiftPackageProductDependency;
			package = FF4094922BFD26F0001F49DE /* XCRemoteSwiftPackageReference "firebase-ios-sdk" */;
			productName = FirebaseMessaging;
		};
		FF4094BF2BFD26F0001F49DE /* FirebasePerformance */ = {
			isa = XCSwiftPackageProductDependency;
			package = FF4094922BFD26F0001F49DE /* XCRemoteSwiftPackageReference "firebase-ios-sdk" */;
			productName = FirebasePerformance;
		};
		FF4094C12BFD26F0001F49DE /* FirebaseRemoteConfig */ = {
			isa = XCSwiftPackageProductDependency;
			package = FF4094922BFD26F0001F49DE /* XCRemoteSwiftPackageReference "firebase-ios-sdk" */;
			productName = FirebaseRemoteConfig;
		};
		FF4094C32BFD26F0001F49DE /* FirebaseRemoteConfigSwift */ = {
			isa = XCSwiftPackageProductDependency;
			package = FF4094922BFD26F0001F49DE /* XCRemoteSwiftPackageReference "firebase-ios-sdk" */;
			productName = FirebaseRemoteConfigSwift;
		};
		FF4094C52BFD26F0001F49DE /* FirebaseStorage */ = {
			isa = XCSwiftPackageProductDependency;
			package = FF4094922BFD26F0001F49DE /* XCRemoteSwiftPackageReference "firebase-ios-sdk" */;
			productName = FirebaseStorage;
		};
		FF4094C72BFD26F0001F49DE /* FirebaseStorageCombine-Community */ = {
			isa = XCSwiftPackageProductDependency;
			package = FF4094922BFD26F0001F49DE /* XCRemoteSwiftPackageReference "firebase-ios-sdk" */;
			productName = "FirebaseStorageCombine-Community";
		};
		FF4094C92BFD26F0001F49DE /* FirebaseVertexAI-Preview */ = {
			isa = XCSwiftPackageProductDependency;
			package = FF4094922BFD26F0001F49DE /* XCRemoteSwiftPackageReference "firebase-ios-sdk" */;
			productName = "FirebaseVertexAI-Preview";
		};
		FF4094EA2C00F516001F49DE /* Kingfisher */ = {
			isa = XCSwiftPackageProductDependency;
			package = FF4094E92C00F516001F49DE /* XCRemoteSwiftPackageReference "Kingfisher" */;
			productName = Kingfisher;
		};
/* End XCSwiftPackageProductDependency section */
	};
	rootObject = FF746D0C2BFA507F005D4251 /* Project object */;
}
